
Microsoft Visual Studio Solution File, Format Version 12.00
# Visual Studio Version 16
VisualStudioVersion = 16.0.30104.148
MinimumVisualStudioVersion = 10.0.40219.1
Project("{9A19103F-16F7-4668-BE54-9A1E7A4F7556}") = "HumanManagermentBackend", "human-managerment\HumanManagermentBackend.csproj", "{4A6BE031-546C-40EA-802E-95A5FEB0D265}"
EndProject
Project("{9A19103F-16F7-4668-BE54-9A1E7A4F7556}") = "MyApiWithDB", "..\..\..\..\..\..\..\Microsoft Visual Studio\Workspace\MyApiWithDB\MyApiWithDB\MyApiWithDB.csproj", "{49CB7CD6-7950-419C-AFDA-7B1BB93A0B43}"
EndProject
Global
	GlobalSection(SolutionConfigurationPlatforms) = preSolution
		Debug|Any CPU = Debug|Any CPU
		Release|Any CPU = Release|Any CPU
	EndGlobalSection
	GlobalSection(ProjectConfigurationPlatforms) = postSolution
		{4A6BE031-546C-40EA-802E-95A5FEB0D265}.Debug|Any CPU.ActiveCfg = Debug|Any CPU
		{4A6BE031-546C-40EA-802E-95A5FEB0D265}.Debug|Any CPU.Build.0 = Debug|Any CPU
		{4A6BE031-546C-40EA-802E-95A5FEB0D265}.Release|Any CPU.ActiveCfg = Release|Any CPU
		{4A6BE031-546C-40EA-802E-95A5FEB0D265}.Release|Any CPU.Build.0 = Release|Any CPU
		{49CB7CD6-7950-419C-AFDA-7B1BB93A0B43}.Debug|Any CPU.ActiveCfg = Debug|Any CPU
		{49CB7CD6-7950-419C-AFDA-7B1BB93A0B43}.Debug|Any CPU.Build.0 = Debug|Any CPU
		{49CB7CD6-7950-419C-AFDA-7B1BB93A0B43}.Release|Any CPU.ActiveCfg = Release|Any CPU
		{49CB7CD6-7950-419C-AFDA-7B1BB93A0B43}.Release|Any CPU.Build.0 = Release|Any CPU
	EndGlobalSection
	GlobalSection(SolutionProperties) = preSolution
		HideSolutionNode = FALSE
	EndGlobalSection
	GlobalSection(ExtensibilityGlobals) = postSolution
		SolutionGuid = {BDBB2524-A28E-4A8A-96F4-2EF647712DE0}
	EndGlobalSection
EndGlobal
